// !$*UTF8*$!
{
	archiveVersion = 1;
	classes = {
	};
	objectVersion = 50;
	objects = {

/* Begin PBXBuildFile section */
		C96C817A259119BD0098F587 /* AppDelegate.swift in Sources */ = {isa = PBXBuildFile; fileRef = C96C8179259119BD0098F587 /* AppDelegate.swift */; };
		C96C817C259119BD0098F587 /* SceneDelegate.swift in Sources */ = {isa = PBXBuildFile; fileRef = C96C817B259119BD0098F587 /* SceneDelegate.swift */; };
		C96C817E259119BD0098F587 /* ViewController.swift in Sources */ = {isa = PBXBuildFile; fileRef = C96C817D259119BD0098F587 /* ViewController.swift */; };
		C96C8181259119BD0098F587 /* Main.storyboard in Resources */ = {isa = PBXBuildFile; fileRef = C96C817F259119BD0098F587 /* Main.storyboard */; };
		C96C8184259119BD0098F587 /* sos_ios.xcdatamodeld in Sources */ = {isa = PBXBuildFile; fileRef = C96C8182259119BD0098F587 /* sos_ios.xcdatamodeld */; };
		C96C8186259119BE0098F587 /* Assets.xcassets in Resources */ = {isa = PBXBuildFile; fileRef = C96C8185259119BE0098F587 /* Assets.xcassets */; };
		C96C8189259119BE0098F587 /* LaunchScreen.storyboard in Resources */ = {isa = PBXBuildFile; fileRef = C96C8187259119BE0098F587 /* LaunchScreen.storyboard */; };
		C96C8194259119BE0098F587 /* sos_iosTests.swift in Sources */ = {isa = PBXBuildFile; fileRef = C96C8193259119BE0098F587 /* sos_iosTests.swift */; };
		C96C819F259119BE0098F587 /* sos_iosUITests.swift in Sources */ = {isa = PBXBuildFile; fileRef = C96C819E259119BE0098F587 /* sos_iosUITests.swift */; };
/* End PBXBuildFile section */

/* Begin PBXContainerItemProxy section */
		C96C8190259119BE0098F587 /* PBXContainerItemProxy */ = {
			isa = PBXContainerItemProxy;
			containerPortal = C96C816E259119BD0098F587 /* Project object */;
			proxyType = 1;
			remoteGlobalIDString = C96C8175259119BD0098F587;
			remoteInfo = sos_ios;
		};
		C96C819B259119BE0098F587 /* PBXContainerItemProxy */ = {
			isa = PBXContainerItemProxy;
			containerPortal = C96C816E259119BD0098F587 /* Project object */;
			proxyType = 1;
			remoteGlobalIDString = C96C8175259119BD0098F587;
			remoteInfo = sos_ios;
		};
/* End PBXContainerItemProxy section */

/* Begin PBXFileReference section */
		C96C8176259119BD0098F587 /* sos_ios.app */ = {isa = PBXFileReference; explicitFileType = wrapper.application; includeInIndex = 0; path = sos_ios.app; sourceTree = BUILT_PRODUCTS_DIR; };
		C96C8179259119BD0098F587 /* AppDelegate.swift */ = {isa = PBXFileReference; lastKnownFileType = sourcecode.swift; path = AppDelegate.swift; sourceTree = "<group>"; };
		C96C817B259119BD0098F587 /* SceneDelegate.swift */ = {isa = PBXFileReference; lastKnownFileType = sourcecode.swift; path = SceneDelegate.swift; sourceTree = "<group>"; };
		C96C817D259119BD0098F587 /* ViewController.swift */ = {isa = PBXFileReference; lastKnownFileType = sourcecode.swift; path = ViewController.swift; sourceTree = "<group>"; };
		C96C8180259119BD0098F587 /* Base */ = {isa = PBXFileReference; lastKnownFileType = file.storyboard; name = Base; path = Base.lproj/Main.storyboard; sourceTree = "<group>"; };
		C96C8183259119BD0098F587 /* sos_ios.xcdatamodel */ = {isa = PBXFileReference; lastKnownFileType = wrapper.xcdatamodel; path = sos_ios.xcdatamodel; sourceTree = "<group>"; };
		C96C8185259119BE0098F587 /* Assets.xcassets */ = {isa = PBXFileReference; lastKnownFileType = folder.assetcatalog; path = Assets.xcassets; sourceTree = "<group>"; };
		C96C8188259119BE0098F587 /* Base */ = {isa = PBXFileReference; lastKnownFileType = file.storyboard; name = Base; path = Base.lproj/LaunchScreen.storyboard; sourceTree = "<group>"; };
		C96C818A259119BE0098F587 /* Info.plist */ = {isa = PBXFileReference; lastKnownFileType = text.plist.xml; path = Info.plist; sourceTree = "<group>"; };
		C96C818F259119BE0098F587 /* sos_iosTests.xctest */ = {isa = PBXFileReference; explicitFileType = wrapper.cfbundle; includeInIndex = 0; path = sos_iosTests.xctest; sourceTree = BUILT_PRODUCTS_DIR; };
		C96C8193259119BE0098F587 /* sos_iosTests.swift */ = {isa = PBXFileReference; lastKnownFileType = sourcecode.swift; path = sos_iosTests.swift; sourceTree = "<group>"; };
		C96C8195259119BE0098F587 /* Info.plist */ = {isa = PBXFileReference; lastKnownFileType = text.plist.xml; path = Info.plist; sourceTree = "<group>"; };
		C96C819A259119BE0098F587 /* sos_iosUITests.xctest */ = {isa = PBXFileReference; explicitFileType = wrapper.cfbundle; includeInIndex = 0; path = sos_iosUITests.xctest; sourceTree = BUILT_PRODUCTS_DIR; };
		C96C819E259119BE0098F587 /* sos_iosUITests.swift */ = {isa = PBXFileReference; lastKnownFileType = sourcecode.swift; path = sos_iosUITests.swift; sourceTree = "<group>"; };
		C96C81A0259119BE0098F587 /* Info.plist */ = {isa = PBXFileReference; lastKnownFileType = text.plist.xml; path = Info.plist; sourceTree = "<group>"; };
/* End PBXFileReference section */

/* Begin PBXFrameworksBuildPhase section */
		C96C8173259119BD0098F587 /* Frameworks */ = {
			isa = PBXFrameworksBuildPhase;
			buildActionMask = 2147483647;
			files = (
			);
			runOnlyForDeploymentPostprocessing = 0;
		};
		C96C818C259119BE0098F587 /* Frameworks */ = {
			isa = PBXFrameworksBuildPhase;
			buildActionMask = 2147483647;
			files = (
			);
			runOnlyForDeploymentPostprocessing = 0;
		};
		C96C8197259119BE0098F587 /* Frameworks */ = {
			isa = PBXFrameworksBuildPhase;
			buildActionMask = 2147483647;
			files = (
			);
			runOnlyForDeploymentPostprocessing = 0;
		};
/* End PBXFrameworksBuildPhase section */

/* Begin PBXGroup section */
		C96C816D259119BD0098F587 = {
			isa = PBXGroup;
			children = (
				C96C8178259119BD0098F587 /* sos_ios */,
				C96C8192259119BE0098F587 /* sos_iosTests */,
				C96C819D259119BE0098F587 /* sos_iosUITests */,
				C96C8177259119BD0098F587 /* Products */,
			);
			sourceTree = "<group>";
		};
		C96C8177259119BD0098F587 /* Products */ = {
			isa = PBXGroup;
			children = (
				C96C8176259119BD0098F587 /* sos_ios.app */,
				C96C818F259119BE0098F587 /* sos_iosTests.xctest */,
				C96C819A259119BE0098F587 /* sos_iosUITests.xctest */,
			);
			name = Products;
			sourceTree = "<group>";
		};
		C96C8178259119BD0098F587 /* sos_ios */ = {
			isa = PBXGroup;
			children = (
				C96C8179259119BD0098F587 /* AppDelegate.swift */,
				C96C817B259119BD0098F587 /* SceneDelegate.swift */,
				C96C817D259119BD0098F587 /* ViewController.swift */,
				C96C817F259119BD0098F587 /* Main.storyboard */,
				C96C8185259119BE0098F587 /* Assets.xcassets */,
				C96C8187259119BE0098F587 /* LaunchScreen.storyboard */,
				C96C818A259119BE0098F587 /* Info.plist */,
				C96C8182259119BD0098F587 /* sos_ios.xcdatamodeld */,
			);
			path = sos_ios;
			sourceTree = "<group>";
		};
		C96C8192259119BE0098F587 /* sos_iosTests */ = {
			isa = PBXGroup;
			children = (
				C96C8193259119BE0098F587 /* sos_iosTests.swift */,
				C96C8195259119BE0098F587 /* Info.plist */,
			);
			path = sos_iosTests;
			sourceTree = "<group>";
		};
		C96C819D259119BE0098F587 /* sos_iosUITests */ = {
			isa = PBXGroup;
			children = (
				C96C819E259119BE0098F587 /* sos_iosUITests.swift */,
				C96C81A0259119BE0098F587 /* Info.plist */,
			);
			path = sos_iosUITests;
			sourceTree = "<group>";
		};
/* End PBXGroup section */

/* Begin PBXNativeTarget section */
		C96C8175259119BD0098F587 /* sos_ios */ = {
			isa = PBXNativeTarget;
			buildConfigurationList = C96C81A3259119BE0098F587 /* Build configuration list for PBXNativeTarget "sos_ios" */;
			buildPhases = (
				C96C8172259119BD0098F587 /* Sources */,
				C96C8173259119BD0098F587 /* Frameworks */,
				C96C8174259119BD0098F587 /* Resources */,
			);
			buildRules = (
			);
			dependencies = (
			);
			name = sos_ios;
			productName = sos_ios;
			productReference = C96C8176259119BD0098F587 /* sos_ios.app */;
			productType = "com.apple.product-type.application";
		};
		C96C818E259119BE0098F587 /* sos_iosTests */ = {
			isa = PBXNativeTarget;
			buildConfigurationList = C96C81A6259119BE0098F587 /* Build configuration list for PBXNativeTarget "sos_iosTests" */;
			buildPhases = (
				C96C818B259119BE0098F587 /* Sources */,
				C96C818C259119BE0098F587 /* Frameworks */,
				C96C818D259119BE0098F587 /* Resources */,
			);
			buildRules = (
			);
			dependencies = (
				C96C8191259119BE0098F587 /* PBXTargetDependency */,
			);
			name = sos_iosTests;
			productName = sos_iosTests;
			productReference = C96C818F259119BE0098F587 /* sos_iosTests.xctest */;
			productType = "com.apple.product-type.bundle.unit-test";
		};
		C96C8199259119BE0098F587 /* sos_iosUITests */ = {
			isa = PBXNativeTarget;
			buildConfigurationList = C96C81A9259119BE0098F587 /* Build configuration list for PBXNativeTarget "sos_iosUITests" */;
			buildPhases = (
				C96C8196259119BE0098F587 /* Sources */,
				C96C8197259119BE0098F587 /* Frameworks */,
				C96C8198259119BE0098F587 /* Resources */,
			);
			buildRules = (
			);
			dependencies = (
				C96C819C259119BE0098F587 /* PBXTargetDependency */,
			);
			name = sos_iosUITests;
			productName = sos_iosUITests;
			productReference = C96C819A259119BE0098F587 /* sos_iosUITests.xctest */;
			productType = "com.apple.product-type.bundle.ui-testing";
		};
/* End PBXNativeTarget section */

/* Begin PBXProject section */
		C96C816E259119BD0098F587 /* Project object */ = {
			isa = PBXProject;
			attributes = {
				LastSwiftUpdateCheck = 1230;
				LastUpgradeCheck = 1230;
				TargetAttributes = {
					C96C8175259119BD0098F587 = {
						CreatedOnToolsVersion = 12.3;
					};
					C96C818E259119BE0098F587 = {
						CreatedOnToolsVersion = 12.3;
						TestTargetID = C96C8175259119BD0098F587;
					};
					C96C8199259119BE0098F587 = {
						CreatedOnToolsVersion = 12.3;
						TestTargetID = C96C8175259119BD0098F587;
					};
				};
			};
			buildConfigurationList = C96C8171259119BD0098F587 /* Build configuration list for PBXProject "sos_ios" */;
			compatibilityVersion = "Xcode 9.3";
			developmentRegion = en;
			hasScannedForEncodings = 0;
			knownRegions = (
				en,
				Base,
			);
			mainGroup = C96C816D259119BD0098F587;
			productRefGroup = C96C8177259119BD0098F587 /* Products */;
			projectDirPath = "";
			projectRoot = "";
			targets = (
				C96C8175259119BD0098F587 /* sos_ios */,
				C96C818E259119BE0098F587 /* sos_iosTests */,
				C96C8199259119BE0098F587 /* sos_iosUITests */,
			);
		};
/* End PBXProject section */

/* Begin PBXResourcesBuildPhase section */
		C96C8174259119BD0098F587 /* Resources */ = {
			isa = PBXResourcesBuildPhase;
			buildActionMask = 2147483647;
			files = (
				C96C8189259119BE0098F587 /* LaunchScreen.storyboard in Resources */,
				C96C8186259119BE0098F587 /* Assets.xcassets in Resources */,
				C96C8181259119BD0098F587 /* Main.storyboard in Resources */,
			);
			runOnlyForDeploymentPostprocessing = 0;
		};
		C96C818D259119BE0098F587 /* Resources */ = {
			isa = PBXResourcesBuildPhase;
			buildActionMask = 2147483647;
			files = (
			);
			runOnlyForDeploymentPostprocessing = 0;
		};
		C96C8198259119BE0098F587 /* Resources */ = {
			isa = PBXResourcesBuildPhase;
			buildActionMask = 2147483647;
			files = (
			);
			runOnlyForDeploymentPostprocessing = 0;
		};
/* End PBXResourcesBuildPhase section */

/* Begin PBXSourcesBuildPhase section */
		C96C8172259119BD0098F587 /* Sources */ = {
			isa = PBXSourcesBuildPhase;
			buildActionMask = 2147483647;
			files = (
				C96C817E259119BD0098F587 /* ViewController.swift in Sources */,
				C96C817A259119BD0098F587 /* AppDelegate.swift in Sources */,
				C96C817C259119BD0098F587 /* SceneDelegate.swift in Sources */,
				C96C8184259119BD0098F587 /* sos_ios.xcdatamodeld in Sources */,
			);
			runOnlyForDeploymentPostprocessing = 0;
		};
		C96C818B259119BE0098F587 /* Sources */ = {
			isa = PBXSourcesBuildPhase;
			buildActionMask = 2147483647;
			files = (
				C96C8194259119BE0098F587 /* sos_iosTests.swift in Sources */,
			);
			runOnlyForDeploymentPostprocessing = 0;
		};
		C96C8196259119BE0098F587 /* Sources */ = {
			isa = PBXSourcesBuildPhase;
			buildActionMask = 2147483647;
			files = (
				C96C819F259119BE0098F587 /* sos_iosUITests.swift in Sources */,
			);
			runOnlyForDeploymentPostprocessing = 0;
		};
/* End PBXSourcesBuildPhase section */

/* Begin PBXTargetDependency section */
		C96C8191259119BE0098F587 /* PBXTargetDependency */ = {
			isa = PBXTargetDependency;
			target = C96C8175259119BD0098F587 /* sos_ios */;
			targetProxy = C96C8190259119BE0098F587 /* PBXContainerItemProxy */;
		};
		C96C819C259119BE0098F587 /* PBXTargetDependency */ = {
			isa = PBXTargetDependency;
			target = C96C8175259119BD0098F587 /* sos_ios */;
			targetProxy = C96C819B259119BE0098F587 /* PBXContainerItemProxy */;
		};
/* End PBXTargetDependency section */

/* Begin PBXVariantGroup section */
		C96C817F259119BD0098F587 /* Main.storyboard */ = {
			isa = PBXVariantGroup;
			children = (
				C96C8180259119BD0098F587 /* Base */,
			);
			name = Main.storyboard;
			sourceTree = "<group>";
		};
		C96C8187259119BE0098F587 /* LaunchScreen.storyboard */ = {
			isa = PBXVariantGroup;
			children = (
				C96C8188259119BE0098F587 /* Base */,
			);
			name = LaunchScreen.storyboard;
			sourceTree = "<group>";
		};
/* End PBXVariantGroup section */

/* Begin XCBuildConfiguration section */
		C96C81A1259119BE0098F587 /* Debug */ = {
			isa = XCBuildConfiguration;
			buildSettings = {
				ALWAYS_SEARCH_USER_PATHS = NO;
				CLANG_ANALYZER_NONNULL = YES;
				CLANG_ANALYZER_NUMBER_OBJECT_CONVERSION = YES_AGGRESSIVE;
				CLANG_CXX_LANGUAGE_STANDARD = "gnu++14";
				CLANG_CXX_LIBRARY = "libc++";
				CLANG_ENABLE_MODULES = YES;
				CLANG_ENABLE_OBJC_ARC = YES;
				CLANG_ENABLE_OBJC_WEAK = YES;
				CLANG_WARN_BLOCK_CAPTURE_AUTORELEASING = YES;
				CLANG_WARN_BOOL_CONVERSION = YES;
				CLANG_WARN_COMMA = YES;
				CLANG_WARN_CONSTANT_CONVERSION = YES;
				CLANG_WARN_DEPRECATED_OBJC_IMPLEMENTATIONS = YES;
				CLANG_WARN_DIRECT_OBJC_ISA_USAGE = YES_ERROR;
				CLANG_WARN_DOCUMENTATION_COMMENTS = YES;
				CLANG_WARN_EMPTY_BODY = YES;
				CLANG_WARN_ENUM_CONVERSION = YES;
				CLANG_WARN_INFINITE_RECURSION = YES;
				CLANG_WARN_INT_CONVERSION = YES;
				CLANG_WARN_NON_LITERAL_NULL_CONVERSION = YES;
				CLANG_WARN_OBJC_IMPLICIT_RETAIN_SELF = YES;
				CLANG_WARN_OBJC_LITERAL_CONVERSION = YES;
				CLANG_WARN_OBJC_ROOT_CLASS = YES_ERROR;
				CLANG_WARN_QUOTED_INCLUDE_IN_FRAMEWORK_HEADER = YES;
				CLANG_WARN_RANGE_LOOP_ANALYSIS = YES;
				CLANG_WARN_STRICT_PROTOTYPES = YES;
				CLANG_WARN_SUSPICIOUS_MOVE = YES;
				CLANG_WARN_UNGUARDED_AVAILABILITY = YES_AGGRESSIVE;
				CLANG_WARN_UNREACHABLE_CODE = YES;
				CLANG_WARN__DUPLICATE_METHOD_MATCH = YES;
				COPY_PHASE_STRIP = NO;
				DEBUG_INFORMATION_FORMAT = dwarf;
				ENABLE_STRICT_OBJC_MSGSEND = YES;
				ENABLE_TESTABILITY = YES;
				GCC_C_LANGUAGE_STANDARD = gnu11;
				GCC_DYNAMIC_NO_PIC = NO;
				GCC_NO_COMMON_BLOCKS = YES;
				GCC_OPTIMIZATION_LEVEL = 0;
				GCC_PREPROCESSOR_DEFINITIONS = (
					"DEBUG=1",
					"$(inherited)",
				);
				GCC_WARN_64_TO_32_BIT_CONVERSION = YES;
				GCC_WARN_ABOUT_RETURN_TYPE = YES_ERROR;
				GCC_WARN_UNDECLARED_SELECTOR = YES;
				GCC_WARN_UNINITIALIZED_AUTOS = YES_AGGRESSIVE;
				GCC_WARN_UNUSED_FUNCTION = YES;
				GCC_WARN_UNUSED_VARIABLE = YES;
				IPHONEOS_DEPLOYMENT_TARGET = 14.3;
				MTL_ENABLE_DEBUG_INFO = INCLUDE_SOURCE;
				MTL_FAST_MATH = YES;
				ONLY_ACTIVE_ARCH = YES;
				SDKROOT = iphoneos;
				SWIFT_ACTIVE_COMPILATION_CONDITIONS = DEBUG;
				SWIFT_OPTIMIZATION_LEVEL = "-Onone";
			};
			name = Debug;
		};
		C96C81A2259119BE0098F587 /* Release */ = {
			isa = XCBuildConfiguration;
			buildSettings = {
				ALWAYS_SEARCH_USER_PATHS = NO;
				CLANG_ANALYZER_NONNULL = YES;
				CLANG_ANALYZER_NUMBER_OBJECT_CONVERSION = YES_AGGRESSIVE;
				CLANG_CXX_LANGUAGE_STANDARD = "gnu++14";
				CLANG_CXX_LIBRARY = "libc++";
				CLANG_ENABLE_MODULES = YES;
				CLANG_ENABLE_OBJC_ARC = YES;
				CLANG_ENABLE_OBJC_WEAK = YES;
				CLANG_WARN_BLOCK_CAPTURE_AUTORELEASING = YES;
				CLANG_WARN_BOOL_CONVERSION = YES;
				CLANG_WARN_COMMA = YES;
				CLANG_WARN_CONSTANT_CONVERSION = YES;
				CLANG_WARN_DEPRECATED_OBJC_IMPLEMENTATIONS = YES;
				CLANG_WARN_DIRECT_OBJC_ISA_USAGE = YES_ERROR;
				CLANG_WARN_DOCUMENTATION_COMMENTS = YES;
				CLANG_WARN_EMPTY_BODY = YES;
				CLANG_WARN_ENUM_CONVERSION = YES;
				CLANG_WARN_INFINITE_RECURSION = YES;
				CLANG_WARN_INT_CONVERSION = YES;
				CLANG_WARN_NON_LITERAL_NULL_CONVERSION = YES;
				CLANG_WARN_OBJC_IMPLICIT_RETAIN_SELF = YES;
				CLANG_WARN_OBJC_LITERAL_CONVERSION = YES;
				CLANG_WARN_OBJC_ROOT_CLASS = YES_ERROR;
				CLANG_WARN_QUOTED_INCLUDE_IN_FRAMEWORK_HEADER = YES;
				CLANG_WARN_RANGE_LOOP_ANALYSIS = YES;
				CLANG_WARN_STRICT_PROTOTYPES = YES;
				CLANG_WARN_SUSPICIOUS_MOVE = YES;
				CLANG_WARN_UNGUARDED_AVAILABILITY = YES_AGGRESSIVE;
				CLANG_WARN_UNREACHABLE_CODE = YES;
				CLANG_WARN__DUPLICATE_METHOD_MATCH = YES;
				COPY_PHASE_STRIP = NO;
				DEBUG_INFORMATION_FORMAT = "dwarf-with-dsym";
				ENABLE_NS_ASSERTIONS = NO;
				ENABLE_STRICT_OBJC_MSGSEND = YES;
				GCC_C_LANGUAGE_STANDARD = gnu11;
				GCC_NO_COMMON_BLOCKS = YES;
				GCC_WARN_64_TO_32_BIT_CONVERSION = YES;
				GCC_WARN_ABOUT_RETURN_TYPE = YES_ERROR;
				GCC_WARN_UNDECLARED_SELECTOR = YES;
				GCC_WARN_UNINITIALIZED_AUTOS = YES_AGGRESSIVE;
				GCC_WARN_UNUSED_FUNCTION = YES;
				GCC_WARN_UNUSED_VARIABLE = YES;
				IPHONEOS_DEPLOYMENT_TARGET = 14.3;
				MTL_ENABLE_DEBUG_INFO = NO;
				MTL_FAST_MATH = YES;
				SDKROOT = iphoneos;
				SWIFT_COMPILATION_MODE = wholemodule;
				SWIFT_OPTIMIZATION_LEVEL = "-O";
				VALIDATE_PRODUCT = YES;
			};
			name = Release;
		};
		C96C81A4259119BE0098F587 /* Debug */ = {
			isa = XCBuildConfiguration;
			buildSettings = {
				ASSETCATALOG_COMPILER_APPICON_NAME = AppIcon;
				ASSETCATALOG_COMPILER_GLOBAL_ACCENT_COLOR_NAME = AccentColor;
				CODE_SIGN_STYLE = Automatic;
				DEVELOPMENT_TEAM = 8Y893K26WJ;
				INFOPLIST_FILE = sos_ios/Info.plist;
				LD_RUNPATH_SEARCH_PATHS = (
					"$(inherited)",
					"@executable_path/Frameworks",
				);
				PRODUCT_BUNDLE_IDENTIFIER = "hd.sos-ios";
				PRODUCT_NAME = "$(TARGET_NAME)";
				SWIFT_VERSION = 5.0;
				TARGETED_DEVICE_FAMILY = "1,2";
			};
			name = Debug;
		};
		C96C81A5259119BE0098F587 /* Release */ = {
			isa = XCBuildConfiguration;
			buildSettings = {
				ASSETCATALOG_COMPILER_APPICON_NAME = AppIcon;
				ASSETCATALOG_COMPILER_GLOBAL_ACCENT_COLOR_NAME = AccentColor;
				CODE_SIGN_STYLE = Automatic;
				DEVELOPMENT_TEAM = 8Y893K26WJ;
				INFOPLIST_FILE = sos_ios/Info.plist;
				LD_RUNPATH_SEARCH_PATHS = (
					"$(inherited)",
					"@executable_path/Frameworks",
				);
				PRODUCT_BUNDLE_IDENTIFIER = "hd.sos-ios";
				PRODUCT_NAME = "$(TARGET_NAME)";
				SWIFT_VERSION = 5.0;
				TARGETED_DEVICE_FAMILY = "1,2";
			};
			name = Release;
		};
		C96C81A7259119BE0098F587 /* Debug */ = {
			isa = XCBuildConfiguration;
			buildSettings = {
				ALWAYS_EMBED_SWIFT_STANDARD_LIBRARIES = YES;
				BUNDLE_LOADER = "$(TEST_HOST)";
				CODE_SIGN_STYLE = Automatic;
				DEVELOPMENT_TEAM = 8Y893K26WJ;
				INFOPLIST_FILE = sos_iosTests/Info.plist;
				IPHONEOS_DEPLOYMENT_TARGET = 14.3;
				LD_RUNPATH_SEARCH_PATHS = (
					"$(inherited)",
					"@executable_path/Frameworks",
					"@loader_path/Frameworks",
				);
				PRODUCT_BUNDLE_IDENTIFIER = "hd.sos-iosTests";
				PRODUCT_NAME = "$(TARGET_NAME)";
				SWIFT_VERSION = 5.0;
				TARGETED_DEVICE_FAMILY = "1,2";
				TEST_HOST = "$(BUILT_PRODUCTS_DIR)/sos_ios.app/sos_ios";
			};
			name = Debug;
		};
		C96C81A8259119BE0098F587 /* Release */ = {
			isa = XCBuildConfiguration;
			buildSettings = {
				ALWAYS_EMBED_SWIFT_STANDARD_LIBRARIES = YES;
				BUNDLE_LOADER = "$(TEST_HOST)";
				CODE_SIGN_STYLE = Automatic;
				DEVELOPMENT_TEAM = 8Y893K26WJ;
				INFOPLIST_FILE = sos_iosTests/Info.plist;
				IPHONEOS_DEPLOYMENT_TARGET = 14.3;
				LD_RUNPATH_SEARCH_PATHS = (
					"$(inherited)",
					"@executable_path/Frameworks",
					"@loader_path/Frameworks",
				);
				PRODUCT_BUNDLE_IDENTIFIER = "hd.sos-iosTests";
				PRODUCT_NAME = "$(TARGET_NAME)";
				SWIFT_VERSION = 5.0;
				TARGETED_DEVICE_FAMILY = "1,2";
				TEST_HOST = "$(BUILT_PRODUCTS_DIR)/sos_ios.app/sos_ios";
			};
			name = Release;
		};
		C96C81AA259119BE0098F587 /* Debug */ = {
			isa = XCBuildConfiguration;
			buildSettings = {
				ALWAYS_EMBED_SWIFT_STANDARD_LIBRARIES = YES;
				CODE_SIGN_STYLE = Automatic;
				DEVELOPMENT_TEAM = 8Y893K26WJ;
				INFOPLIST_FILE = sos_iosUITests/Info.plist;
				LD_RUNPATH_SEARCH_PATHS = (
					"$(inherited)",
					"@executable_path/Frameworks",
					"@loader_path/Frameworks",
				);
				PRODUCT_BUNDLE_IDENTIFIER = "hd.sos-iosUITests";
				PRODUCT_NAME = "$(TARGET_NAME)";
				SWIFT_VERSION = 5.0;
				TARGETED_DEVICE_FAMILY = "1,2";
				TEST_TARGET_NAME = sos_ios;
			};
			name = Debug;
		};
		C96C81AB259119BE0098F587 /* Release */ = {
			isa = XCBuildConfiguration;
			buildSettings = {
				ALWAYS_EMBED_SWIFT_STANDARD_LIBRARIES = YES;
				CODE_SIGN_STYLE = Automatic;
				DEVELOPMENT_TEAM = 8Y893K26WJ;
				INFOPLIST_FILE = sos_iosUITests/Info.plist;
				LD_RUNPATH_SEARCH_PATHS = (
					"$(inherited)",
					"@executable_path/Frameworks",
					"@loader_path/Frameworks",
				);
				PRODUCT_BUNDLE_IDENTIFIER = "hd.sos-iosUITests";
				PRODUCT_NAME = "$(TARGET_NAME)";
				SWIFT_VERSION = 5.0;
				TARGETED_DEVICE_FAMILY = "1,2";
				TEST_TARGET_NAME = sos_ios;
			};
			name = Release;
		};
/* End XCBuildConfiguration section */

/* Begin XCConfigurationList section */
		C96C8171259119BD0098F587 /* Build configuration list for PBXProject "sos_ios" */ = {
			isa = XCConfigurationList;
			buildConfigurations = (
				C96C81A1259119BE0098F587 /* Debug */,
				C96C81A2259119BE0098F587 /* Release */,
			);
			defaultConfigurationIsVisible = 0;
			defaultConfigurationName = Release;
		};
		C96C81A3259119BE0098F587 /* Build configuration list for PBXNativeTarget "sos_ios" */ = {
			isa = XCConfigurationList;
			buildConfigurations = (
				C96C81A4259119BE0098F587 /* Debug */,
				C96C81A5259119BE0098F587 /* Release */,
			);
			defaultConfigurationIsVisible = 0;
			defaultConfigurationName = Release;
		};
		C96C81A6259119BE0098F587 /* Build configuration list for PBXNativeTarget "sos_iosTests" */ = {
			isa = XCConfigurationList;
			buildConfigurations = (
				C96C81A7259119BE0098F587 /* Debug */,
				C96C81A8259119BE0098F587 /* Release */,
			);
			defaultConfigurationIsVisible = 0;
			defaultConfigurationName = Release;
		};
		C96C81A9259119BE0098F587 /* Build configuration list for PBXNativeTarget "sos_iosUITests" */ = {
			isa = XCConfigurationList;
			buildConfigurations = (
				C96C81AA259119BE0098F587 /* Debug */,
				C96C81AB259119BE0098F587 /* Release */,
			);
			defaultConfigurationIsVisible = 0;
			defaultConfigurationName = Release;
		};
/* End XCConfigurationList section */

/* Begin XCVersionGroup section */
		C96C8182259119BD0098F587 /* sos_ios.xcdatamodeld */ = {
			isa = XCVersionGroup;
			children = (
				C96C8183259119BD0098F587 /* sos_ios.xcdatamodel */,
			);
			currentVersion = C96C8183259119BD0098F587 /* sos_ios.xcdatamodel */;
			path = sos_ios.xcdatamodeld;
			sourceTree = "<group>";
			versionGroupType = wrapper.xcdatamodel;
		};
/* End XCVersionGroup section */
	};
	rootObject = C96C816E259119BD0098F587 /* Project object */;
}
